
Microsoft Visual Studio Solution File, Format Version 12.00
# Visual Studio Version 17
VisualStudioVersion = 17.8.34322.80
MinimumVisualStudioVersion = 10.0.40219.1
Project("{8BC9CEB8-8B4A-11D0-8D11-00A0C91BC942}") = "Project", "Project\Project.vcxproj", "{E7890D7A-B2F9-4572-9886-AB0E4F63EC9B}"
EndProject
Global
	GlobalSection(SolutionConfigurationPlatforms) = preSolution
		Debug|x64 = Debug|x64
		Debug|x86 = Debug|x86
		Release|x64 = Release|x64
		Release|x86 = Release|x86
	EndGlobalSection
	GlobalSection(ProjectConfigurationPlatforms) = postSolution
		{E7890D7A-B2F9-4572-9886-AB0E4F63EC9B}.Debug|x64.ActiveCfg = Debug|x64
		{E7890D7A-B2F9-4572-9886-AB0E4F63EC9B}.Debug|x64.Build.0 = Debug|x64
		{E7890D7A-B2F9-4572-9886-AB0E4F63EC9B}.Debug|x86.ActiveCfg = Debug|Win32
		{E7890D7A-B2F9-4572-9886-AB0E4F63EC9B}.Debug|x86.Build.0 = Debug|Win32
		{E7890D7A-B2F9-4572-9886-AB0E4F63EC9B}.Release|x64.ActiveCfg = Release|x64
		{E7890D7A-B2F9-4572-9886-AB0E4F63EC9B}.Release|x64.Build.0 = Release|x64
		{E7890D7A-B2F9-4572-9886-AB0E4F63EC9B}.Release|x86.ActiveCfg = Release|Win32
		{E7890D7A-B2F9-4572-9886-AB0E4F63EC9B}.Release|x86.Build.0 = Release|Win32
	EndGlobalSection
	GlobalSection(SolutionProperties) = preSolution
		HideSolutionNode = FALSE
	EndGlobalSection
	GlobalSection(ExtensibilityGlobals) = postSolution
		SolutionGuid = {E77D8A2B-88F8-4C6D-B006-0A558726458F}
	EndGlobalSection
EndGlobal
